
Microsoft Visual Studio Solution File, Format Version 12.00
# Visual Studio Version 17
VisualStudioVersion = 17.12.35527.113 d17.12
MinimumVisualStudioVersion = 10.0.40219.1
Project("{FAE04EC0-301F-11D3-BF4B-00C04F79EFBC}") = "WpfApp5", "WpfApp5.csproj", "{12285F0D-6280-43E4-AC11-6EAAD992694B}"
EndProject
Global
	GlobalSection(SolutionConfigurationPlatforms) = preSolution
		Debug|Any CPU = Debug|Any CPU
		Release|Any CPU = Release|Any CPU
	EndGlobalSection
	GlobalSection(ProjectConfigurationPlatforms) = postSolution
		{12285F0D-6280-43E4-AC11-6EAAD992694B}.Debug|Any CPU.ActiveCfg = Debug|Any CPU
		{12285F0D-6280-43E4-AC11-6EAAD992694B}.Debug|Any CPU.Build.0 = Debug|Any CPU
		{12285F0D-6280-43E4-AC11-6EAAD992694B}.Release|Any CPU.ActiveCfg = Release|Any CPU
		{12285F0D-6280-43E4-AC11-6EAAD992694B}.Release|Any CPU.Build.0 = Release|Any CPU
	EndGlobalSection
	GlobalSection(SolutionProperties) = preSolution
		HideSolutionNode = FALSE
	EndGlobalSection
EndGlobal
